
Microsoft Visual Studio Solution File, Format Version 12.00
# Visual Studio Version 16
VisualStudioVersion = 25.0.1705.0
MinimumVisualStudioVersion = 10.0.40219.1
Project("{FAE04EC0-301F-11D3-BF4B-00C04F79EFBC}") = "InvestmentPerformance", "InvestmentPerformance\InvestmentPerformance.csproj", "{59BD126E-2324-460C-91DB-605C493A3E54}"
EndProject
Project("{FAE04EC0-301F-11D3-BF4B-00C04F79EFBC}") = "TestInvestment", "TestInvestment\TestInvestment.csproj", "{DF957391-1D5A-444D-B2BF-69C93F9B761F}"
EndProject
Global
	GlobalSection(SolutionConfigurationPlatforms) = preSolution
		Debug|Any CPU = Debug|Any CPU
		Release|Any CPU = Release|Any CPU
	EndGlobalSection
	GlobalSection(ProjectConfigurationPlatforms) = postSolution
		{59BD126E-2324-460C-91DB-605C493A3E54}.Debug|Any CPU.ActiveCfg = Debug|Any CPU
		{59BD126E-2324-460C-91DB-605C493A3E54}.Debug|Any CPU.Build.0 = Debug|Any CPU
		{59BD126E-2324-460C-91DB-605C493A3E54}.Release|Any CPU.ActiveCfg = Release|Any CPU
		{59BD126E-2324-460C-91DB-605C493A3E54}.Release|Any CPU.Build.0 = Release|Any CPU
		{DF957391-1D5A-444D-B2BF-69C93F9B761F}.Debug|Any CPU.ActiveCfg = Debug|Any CPU
		{DF957391-1D5A-444D-B2BF-69C93F9B761F}.Debug|Any CPU.Build.0 = Debug|Any CPU
		{DF957391-1D5A-444D-B2BF-69C93F9B761F}.Release|Any CPU.ActiveCfg = Release|Any CPU
		{DF957391-1D5A-444D-B2BF-69C93F9B761F}.Release|Any CPU.Build.0 = Release|Any CPU
	EndGlobalSection
	GlobalSection(SolutionProperties) = preSolution
		HideSolutionNode = FALSE
	EndGlobalSection
	GlobalSection(ExtensibilityGlobals) = postSolution
		SolutionGuid = {4BA0BB58-C348-4009-BF8B-14C1B4EF3B59}
	EndGlobalSection
EndGlobal
